
Microsoft Visual Studio Solution File, Format Version 12.00
# Visual Studio Version 17
VisualStudioVersion = 17.7.34018.315
MinimumVisualStudioVersion = 10.0.40219.1
Project("{9A19103F-16F7-4668-BE54-9A1E7A4F7556}") = "WebApplication2", "WebApplication2\WebApplication2.csproj", "{97C32E80-B550-4830-9EF3-EA12292AF515}"
EndProject
Project("{FAE04EC0-301F-11D3-BF4B-00C04F79EFBC}") = "Contracts", "Contracts\Contracts.csproj", "{E4E24D3C-285D-4C7F-96B3-1A41220D0B4B}"
EndProject
Project("{FAE04EC0-301F-11D3-BF4B-00C04F79EFBC}") = "LoggerService", "LoggerService\LoggerService.csproj", "{B1F55CB0-C795-4AA6-AD4E-FCACCA8C4414}"
EndProject
Project("{FAE04EC0-301F-11D3-BF4B-00C04F79EFBC}") = "Entities", "Entities\Entities.csproj", "{7EF4530C-E8BF-4C35-914A-3699127719B8}"
EndProject
Project("{FAE04EC0-301F-11D3-BF4B-00C04F79EFBC}") = "Repository", "Repository\Repository.csproj", "{02EBF7E7-2AB2-47A8-9BF4-CEAE160BFF72}"
EndProject
Global
	GlobalSection(SolutionConfigurationPlatforms) = preSolution
		Debug|Any CPU = Debug|Any CPU
		Release|Any CPU = Release|Any CPU
	EndGlobalSection
	GlobalSection(ProjectConfigurationPlatforms) = postSolution
		{97C32E80-B550-4830-9EF3-EA12292AF515}.Debug|Any CPU.ActiveCfg = Debug|Any CPU
		{97C32E80-B550-4830-9EF3-EA12292AF515}.Debug|Any CPU.Build.0 = Debug|Any CPU
		{97C32E80-B550-4830-9EF3-EA12292AF515}.Release|Any CPU.ActiveCfg = Release|Any CPU
		{97C32E80-B550-4830-9EF3-EA12292AF515}.Release|Any CPU.Build.0 = Release|Any CPU
		{E4E24D3C-285D-4C7F-96B3-1A41220D0B4B}.Debug|Any CPU.ActiveCfg = Debug|Any CPU
		{E4E24D3C-285D-4C7F-96B3-1A41220D0B4B}.Debug|Any CPU.Build.0 = Debug|Any CPU
		{E4E24D3C-285D-4C7F-96B3-1A41220D0B4B}.Release|Any CPU.ActiveCfg = Release|Any CPU
		{E4E24D3C-285D-4C7F-96B3-1A41220D0B4B}.Release|Any CPU.Build.0 = Release|Any CPU
		{B1F55CB0-C795-4AA6-AD4E-FCACCA8C4414}.Debug|Any CPU.ActiveCfg = Debug|Any CPU
		{B1F55CB0-C795-4AA6-AD4E-FCACCA8C4414}.Debug|Any CPU.Build.0 = Debug|Any CPU
		{B1F55CB0-C795-4AA6-AD4E-FCACCA8C4414}.Release|Any CPU.ActiveCfg = Release|Any CPU
		{B1F55CB0-C795-4AA6-AD4E-FCACCA8C4414}.Release|Any CPU.Build.0 = Release|Any CPU
		{7EF4530C-E8BF-4C35-914A-3699127719B8}.Debug|Any CPU.ActiveCfg = Debug|Any CPU
		{7EF4530C-E8BF-4C35-914A-3699127719B8}.Debug|Any CPU.Build.0 = Debug|Any CPU
		{7EF4530C-E8BF-4C35-914A-3699127719B8}.Release|Any CPU.ActiveCfg = Release|Any CPU
		{7EF4530C-E8BF-4C35-914A-3699127719B8}.Release|Any CPU.Build.0 = Release|Any CPU
		{02EBF7E7-2AB2-47A8-9BF4-CEAE160BFF72}.Debug|Any CPU.ActiveCfg = Debug|Any CPU
		{02EBF7E7-2AB2-47A8-9BF4-CEAE160BFF72}.Debug|Any CPU.Build.0 = Debug|Any CPU
		{02EBF7E7-2AB2-47A8-9BF4-CEAE160BFF72}.Release|Any CPU.ActiveCfg = Release|Any CPU
		{02EBF7E7-2AB2-47A8-9BF4-CEAE160BFF72}.Release|Any CPU.Build.0 = Release|Any CPU
	EndGlobalSection
	GlobalSection(SolutionProperties) = preSolution
		HideSolutionNode = FALSE
	EndGlobalSection
	GlobalSection(ExtensibilityGlobals) = postSolution
		SolutionGuid = {28E3E1BF-6ABD-483D-85BF-BB9D96830FF3}
	EndGlobalSection
EndGlobal
